
Microsoft Visual Studio Solution File, Format Version 12.00
# Visual Studio Version 17
VisualStudioVersion = 17.3.32922.545
MinimumVisualStudioVersion = 10.0.40219.1
Project("{9A19103F-16F7-4668-BE54-9A1E7A4F7556}") = "CrosswordPuzzle", "CrosswordPuzzle\CrosswordPuzzle.csproj", "{E41A740F-350B-44D7-AB17-8D3AEFDFCB9B}"
EndProject
Project("{FAE04EC0-301F-11D3-BF4B-00C04F79EFBC}") = "CrosswordPuzzleTests", "CrosswordPuzzleTests\CrosswordPuzzleTests.csproj", "{591B68D0-A46C-493E-91A5-3AC949187E24}"
EndProject
Global
	GlobalSection(SolutionConfigurationPlatforms) = preSolution
		Debug|Any CPU = Debug|Any CPU
		Release|Any CPU = Release|Any CPU
	EndGlobalSection
	GlobalSection(ProjectConfigurationPlatforms) = postSolution
		{E41A740F-350B-44D7-AB17-8D3AEFDFCB9B}.Debug|Any CPU.ActiveCfg = Debug|Any CPU
		{E41A740F-350B-44D7-AB17-8D3AEFDFCB9B}.Debug|Any CPU.Build.0 = Debug|Any CPU
		{E41A740F-350B-44D7-AB17-8D3AEFDFCB9B}.Release|Any CPU.ActiveCfg = Release|Any CPU
		{E41A740F-350B-44D7-AB17-8D3AEFDFCB9B}.Release|Any CPU.Build.0 = Release|Any CPU
		{591B68D0-A46C-493E-91A5-3AC949187E24}.Debug|Any CPU.ActiveCfg = Debug|Any CPU
		{591B68D0-A46C-493E-91A5-3AC949187E24}.Debug|Any CPU.Build.0 = Debug|Any CPU
		{591B68D0-A46C-493E-91A5-3AC949187E24}.Release|Any CPU.ActiveCfg = Release|Any CPU
		{591B68D0-A46C-493E-91A5-3AC949187E24}.Release|Any CPU.Build.0 = Release|Any CPU
	EndGlobalSection
	GlobalSection(SolutionProperties) = preSolution
		HideSolutionNode = FALSE
	EndGlobalSection
	GlobalSection(ExtensibilityGlobals) = postSolution
		SolutionGuid = {78212BB2-E3F3-4035-B5DA-66EE135B167E}
	EndGlobalSection
EndGlobal
